
Microsoft Visual Studio Solution File, Format Version 12.00
# Visual Studio Version 17
VisualStudioVersion = 17.4.32804.182
MinimumVisualStudioVersion = 10.0.40219.1
Project("{FAE04EC0-301F-11D3-BF4B-00C04F79EFBC}") = "TangyWeb_Server", "TangyWeb_Server\TangyWeb_Server.csproj", "{75ACBB8B-216F-403D-9658-C4A4436B458A}"
EndProject
Global
	GlobalSection(SolutionConfigurationPlatforms) = preSolution
		Debug|Any CPU = Debug|Any CPU
		Release|Any CPU = Release|Any CPU
	EndGlobalSection
	GlobalSection(ProjectConfigurationPlatforms) = postSolution
		{75ACBB8B-216F-403D-9658-C4A4436B458A}.Debug|Any CPU.ActiveCfg = Debug|Any CPU
		{75ACBB8B-216F-403D-9658-C4A4436B458A}.Debug|Any CPU.Build.0 = Debug|Any CPU
		{75ACBB8B-216F-403D-9658-C4A4436B458A}.Release|Any CPU.ActiveCfg = Release|Any CPU
		{75ACBB8B-216F-403D-9658-C4A4436B458A}.Release|Any CPU.Build.0 = Release|Any CPU
	EndGlobalSection
	GlobalSection(SolutionProperties) = preSolution
		HideSolutionNode = FALSE
	EndGlobalSection
	GlobalSection(ExtensibilityGlobals) = postSolution
		SolutionGuid = {02F49379-2A23-477E-A97C-74C741CB51A8}
	EndGlobalSection
EndGlobal
